
Microsoft Visual Studio Solution File, Format Version 12.00
# Visual Studio Version 16
VisualStudioVersion = 16.0.31424.327
MinimumVisualStudioVersion = 10.0.40219.1
Project("{9A19103F-16F7-4668-BE54-9A1E7A4F7556}") = "client-app", "client-app.csproj", "{588076FC-4540-4B28-B6BC-A12A4BFC9778}"
EndProject
Global
	GlobalSection(SolutionConfigurationPlatforms) = preSolution
		Debug|Any CPU = Debug|Any CPU
		Release|Any CPU = Release|Any CPU
	EndGlobalSection
	GlobalSection(ProjectConfigurationPlatforms) = postSolution
		{588076FC-4540-4B28-B6BC-A12A4BFC9778}.Debug|Any CPU.ActiveCfg = Debug|Any CPU
		{588076FC-4540-4B28-B6BC-A12A4BFC9778}.Debug|Any CPU.Build.0 = Debug|Any CPU
		{588076FC-4540-4B28-B6BC-A12A4BFC9778}.Release|Any CPU.ActiveCfg = Release|Any CPU
		{588076FC-4540-4B28-B6BC-A12A4BFC9778}.Release|Any CPU.Build.0 = Release|Any CPU
	EndGlobalSection
	GlobalSection(SolutionProperties) = preSolution
		HideSolutionNode = FALSE
	EndGlobalSection
	GlobalSection(ExtensibilityGlobals) = postSolution
		SolutionGuid = {83E84D2C-A81C-4C90-B6E4-9E01E0A6DFE2}
	EndGlobalSection
EndGlobal
