
Microsoft Visual Studio Solution File, Format Version 12.00
# Visual Studio Version 16
VisualStudioVersion = 16.0.30503.244
MinimumVisualStudioVersion = 10.0.40219.1
Project("{9A19103F-16F7-4668-BE54-9A1E7A4F7556}") = "weatherbot", "weatherbot\weatherbot.csproj", "{F8B685A0-169C-40F5-B84A-062E5913FF91}"
EndProject
Global
	GlobalSection(SolutionConfigurationPlatforms) = preSolution
		Debug|Any CPU = Debug|Any CPU
		Release|Any CPU = Release|Any CPU
	EndGlobalSection
	GlobalSection(ProjectConfigurationPlatforms) = postSolution
		{F8B685A0-169C-40F5-B84A-062E5913FF91}.Debug|Any CPU.ActiveCfg = Debug|Any CPU
		{F8B685A0-169C-40F5-B84A-062E5913FF91}.Debug|Any CPU.Build.0 = Debug|Any CPU
		{F8B685A0-169C-40F5-B84A-062E5913FF91}.Release|Any CPU.ActiveCfg = Release|Any CPU
		{F8B685A0-169C-40F5-B84A-062E5913FF91}.Release|Any CPU.Build.0 = Release|Any CPU
	EndGlobalSection
	GlobalSection(SolutionProperties) = preSolution
		HideSolutionNode = FALSE
	EndGlobalSection
	GlobalSection(ExtensibilityGlobals) = postSolution
		SolutionGuid = {4CBD2942-4193-4209-9ACB-5E6528DBCE3A}
	EndGlobalSection
EndGlobal
